
Microsoft Visual Studio Solution File, Format Version 12.00
# Visual Studio Version 17
VisualStudioVersion = 17.5.33414.496
MinimumVisualStudioVersion = 10.0.40219.1
Project("{9A19103F-16F7-4668-BE54-9A1E7A4F7556}") = "BasketApi", "APIs\BasketApi\BasketApi.csproj", "{930F2F38-51E2-4B34-8F4A-0FA434563921}"
EndProject
Project("{9A19103F-16F7-4668-BE54-9A1E7A4F7556}") = "BillingApi", "APIs\BillingApi\BillingApi.csproj", "{8B1D221A-22CD-4973-B952-CF578DC13880}"
EndProject
Project("{9A19103F-16F7-4668-BE54-9A1E7A4F7556}") = "OrderApi", "APIs\OrderApi\OrderApi.csproj", "{F68317E1-EBBF-4E92-99F7-D5376B26C306}"
EndProject
Project("{9A19103F-16F7-4668-BE54-9A1E7A4F7556}") = "WarehouseApi", "APIs\WarehouseApi\WarehouseApi.csproj", "{A3C7BAC4-F750-42D3-91D1-33A4400C8991}"
EndProject
Project("{9A19103F-16F7-4668-BE54-9A1E7A4F7556}") = "ShopWebsite.Server", "websites\ShopWebsite\Server\ShopWebsite.Server.csproj", "{BA3D915C-DBC4-4C14-B8F3-6A2DE6BB9F69}"
EndProject
Project("{9A19103F-16F7-4668-BE54-9A1E7A4F7556}") = "ShopWebsite.Client", "websites\ShopWebsite\Client\ShopWebsite.Client.csproj", "{C2E5E1EE-1FF4-487D-96AB-F5EFF1936D25}"
EndProject
Project("{9A19103F-16F7-4668-BE54-9A1E7A4F7556}") = "ShopWebsite.Shared", "websites\ShopWebsite\Shared\ShopWebsite.Shared.csproj", "{82A11422-7210-4475-87C3-6BAB05CB120C}"
EndProject
Project("{2150E333-8FDC-42A3-9474-1A3956D46DE8}") = "apis", "apis", "{AA593268-112B-4A15-BD6F-996E9EFBF3FE}"
EndProject
Project("{2150E333-8FDC-42A3-9474-1A3956D46DE8}") = "websites", "websites", "{2129A1F0-08DD-4655-8DA3-F083069C12F9}"
EndProject
Project("{9A19103F-16F7-4668-BE54-9A1E7A4F7556}") = "CatalogueApi", "APIs\CatalogueApi\CatalogueApi.csproj", "{6CAB7E33-0570-470D-B198-41704B4397BA}"
EndProject
Project("{9A19103F-16F7-4668-BE54-9A1E7A4F7556}") = "SalesApi", "APIs\SalesApi\SalesApi.csproj", "{FA46090E-5433-4908-8B42-17536B1C5847}"
EndProject
Project("{2150E333-8FDC-42A3-9474-1A3956D46DE8}") = "Shared", "Shared", "{5812C10F-7A22-4BA4-952F-1A0DB676C3FF}"
EndProject
Project("{9A19103F-16F7-4668-BE54-9A1E7A4F7556}") = "SignalRHub", "APIs\SignalRHub\SignalRHub.csproj", "{DC585FBB-EC62-4F64-B245-94704F8F51AA}"
EndProject
Project("{9A19103F-16F7-4668-BE54-9A1E7A4F7556}") = "EmailApi", "APIs\EmailApi\EmailApi.csproj", "{43D468D2-D325-40D0-9C05-9AE58766D797}"
EndProject
Project("{9A19103F-16F7-4668-BE54-9A1E7A4F7556}") = "ShippingApi", "APIs\ShippingApi\ShippingApi.csproj", "{434A6405-65BE-4F9B-86D1-BBBBE7552037}"
EndProject
Project("{9A19103F-16F7-4668-BE54-9A1E7A4F7556}") = "Shared.ServiceBus", "Shared\Shared.ServiceBus\Shared.ServiceBus.csproj", "{B46A4148-F565-45D1-BAB5-16C382A9D58A}"
EndProject
Project("{9A19103F-16F7-4668-BE54-9A1E7A4F7556}") = "Shared.Instrumentation", "Shared\Shared.Instrumentation\Shared.Instrumentation.csproj", "{0B8E572D-4121-47EF-BB0B-6443DDD8BA3C}"
EndProject
Project("{E53339B2-1760-4266-BCC7-CA923CBCF16C}") = "docker-compose", "docker-compose.dcproj", "{1AD1441F-BF50-4D19-9F0F-FC036624E419}"
EndProject
Project("{2150E333-8FDC-42A3-9474-1A3956D46DE8}") = "shop-website", "shop-website", "{F3CAC367-B142-4ACB-AF48-D600F9C8B312}"
	ProjectSection(SolutionItems) = preProject
		websites\ShopWebsite\Dockerfile = websites\ShopWebsite\Dockerfile
	EndProjectSection
EndProject
Project("{2150E333-8FDC-42A3-9474-1A3956D46DE8}") = "stock-management-website", "stock-management-website", "{DE46FD16-22FA-43B8-82D8-BE2705FECCB7}"
EndProject
Project("{9A19103F-16F7-4668-BE54-9A1E7A4F7556}") = "StockManagementWebsite.Server", "websites\StockManagementWebsite\Server\StockManagementWebsite.Server.csproj", "{284F85EF-6726-42DC-A38D-7B53816E977C}"
EndProject
Project("{9A19103F-16F7-4668-BE54-9A1E7A4F7556}") = "StockManagementWebsite.Client", "websites\StockManagementWebsite\Client\StockManagementWebsite.Client.csproj", "{4F1B0D91-A683-4F92-B2E8-50E390A62BAA}"
EndProject
Project("{9A19103F-16F7-4668-BE54-9A1E7A4F7556}") = "StockManagementWebsite.Shared", "websites\StockManagementWebsite\Shared\StockManagementWebsite.Shared.csproj", "{F7ED6A74-96C0-47AD-99D0-395BA69303BF}"
EndProject
Global
	GlobalSection(SolutionConfigurationPlatforms) = preSolution
		Debug|Any CPU = Debug|Any CPU
		Release|Any CPU = Release|Any CPU
	EndGlobalSection
	GlobalSection(ProjectConfigurationPlatforms) = postSolution
		{930F2F38-51E2-4B34-8F4A-0FA434563921}.Debug|Any CPU.ActiveCfg = Debug|Any CPU
		{930F2F38-51E2-4B34-8F4A-0FA434563921}.Debug|Any CPU.Build.0 = Debug|Any CPU
		{930F2F38-51E2-4B34-8F4A-0FA434563921}.Release|Any CPU.ActiveCfg = Release|Any CPU
		{930F2F38-51E2-4B34-8F4A-0FA434563921}.Release|Any CPU.Build.0 = Release|Any CPU
		{8B1D221A-22CD-4973-B952-CF578DC13880}.Debug|Any CPU.ActiveCfg = Debug|Any CPU
		{8B1D221A-22CD-4973-B952-CF578DC13880}.Debug|Any CPU.Build.0 = Debug|Any CPU
		{8B1D221A-22CD-4973-B952-CF578DC13880}.Release|Any CPU.ActiveCfg = Release|Any CPU
		{8B1D221A-22CD-4973-B952-CF578DC13880}.Release|Any CPU.Build.0 = Release|Any CPU
		{F68317E1-EBBF-4E92-99F7-D5376B26C306}.Debug|Any CPU.ActiveCfg = Debug|Any CPU
		{F68317E1-EBBF-4E92-99F7-D5376B26C306}.Debug|Any CPU.Build.0 = Debug|Any CPU
		{F68317E1-EBBF-4E92-99F7-D5376B26C306}.Release|Any CPU.ActiveCfg = Release|Any CPU
		{F68317E1-EBBF-4E92-99F7-D5376B26C306}.Release|Any CPU.Build.0 = Release|Any CPU
		{A3C7BAC4-F750-42D3-91D1-33A4400C8991}.Debug|Any CPU.ActiveCfg = Debug|Any CPU
		{A3C7BAC4-F750-42D3-91D1-33A4400C8991}.Debug|Any CPU.Build.0 = Debug|Any CPU
		{A3C7BAC4-F750-42D3-91D1-33A4400C8991}.Release|Any CPU.ActiveCfg = Release|Any CPU
		{A3C7BAC4-F750-42D3-91D1-33A4400C8991}.Release|Any CPU.Build.0 = Release|Any CPU
		{BA3D915C-DBC4-4C14-B8F3-6A2DE6BB9F69}.Debug|Any CPU.ActiveCfg = Debug|Any CPU
		{BA3D915C-DBC4-4C14-B8F3-6A2DE6BB9F69}.Debug|Any CPU.Build.0 = Debug|Any CPU
		{BA3D915C-DBC4-4C14-B8F3-6A2DE6BB9F69}.Release|Any CPU.ActiveCfg = Release|Any CPU
		{BA3D915C-DBC4-4C14-B8F3-6A2DE6BB9F69}.Release|Any CPU.Build.0 = Release|Any CPU
		{C2E5E1EE-1FF4-487D-96AB-F5EFF1936D25}.Debug|Any CPU.ActiveCfg = Debug|Any CPU
		{C2E5E1EE-1FF4-487D-96AB-F5EFF1936D25}.Debug|Any CPU.Build.0 = Debug|Any CPU
		{C2E5E1EE-1FF4-487D-96AB-F5EFF1936D25}.Release|Any CPU.ActiveCfg = Release|Any CPU
		{C2E5E1EE-1FF4-487D-96AB-F5EFF1936D25}.Release|Any CPU.Build.0 = Release|Any CPU
		{82A11422-7210-4475-87C3-6BAB05CB120C}.Debug|Any CPU.ActiveCfg = Debug|Any CPU
		{82A11422-7210-4475-87C3-6BAB05CB120C}.Debug|Any CPU.Build.0 = Debug|Any CPU
		{82A11422-7210-4475-87C3-6BAB05CB120C}.Release|Any CPU.ActiveCfg = Release|Any CPU
		{82A11422-7210-4475-87C3-6BAB05CB120C}.Release|Any CPU.Build.0 = Release|Any CPU
		{6CAB7E33-0570-470D-B198-41704B4397BA}.Debug|Any CPU.ActiveCfg = Debug|Any CPU
		{6CAB7E33-0570-470D-B198-41704B4397BA}.Debug|Any CPU.Build.0 = Debug|Any CPU
		{6CAB7E33-0570-470D-B198-41704B4397BA}.Release|Any CPU.ActiveCfg = Release|Any CPU
		{6CAB7E33-0570-470D-B198-41704B4397BA}.Release|Any CPU.Build.0 = Release|Any CPU
		{FA46090E-5433-4908-8B42-17536B1C5847}.Debug|Any CPU.ActiveCfg = Debug|Any CPU
		{FA46090E-5433-4908-8B42-17536B1C5847}.Debug|Any CPU.Build.0 = Debug|Any CPU
		{FA46090E-5433-4908-8B42-17536B1C5847}.Release|Any CPU.ActiveCfg = Release|Any CPU
		{FA46090E-5433-4908-8B42-17536B1C5847}.Release|Any CPU.Build.0 = Release|Any CPU
		{DC585FBB-EC62-4F64-B245-94704F8F51AA}.Debug|Any CPU.ActiveCfg = Debug|Any CPU
		{DC585FBB-EC62-4F64-B245-94704F8F51AA}.Debug|Any CPU.Build.0 = Debug|Any CPU
		{DC585FBB-EC62-4F64-B245-94704F8F51AA}.Release|Any CPU.ActiveCfg = Release|Any CPU
		{DC585FBB-EC62-4F64-B245-94704F8F51AA}.Release|Any CPU.Build.0 = Release|Any CPU
		{43D468D2-D325-40D0-9C05-9AE58766D797}.Debug|Any CPU.ActiveCfg = Debug|Any CPU
		{43D468D2-D325-40D0-9C05-9AE58766D797}.Debug|Any CPU.Build.0 = Debug|Any CPU
		{43D468D2-D325-40D0-9C05-9AE58766D797}.Release|Any CPU.ActiveCfg = Release|Any CPU
		{43D468D2-D325-40D0-9C05-9AE58766D797}.Release|Any CPU.Build.0 = Release|Any CPU
		{434A6405-65BE-4F9B-86D1-BBBBE7552037}.Debug|Any CPU.ActiveCfg = Debug|Any CPU
		{434A6405-65BE-4F9B-86D1-BBBBE7552037}.Debug|Any CPU.Build.0 = Debug|Any CPU
		{434A6405-65BE-4F9B-86D1-BBBBE7552037}.Release|Any CPU.ActiveCfg = Release|Any CPU
		{434A6405-65BE-4F9B-86D1-BBBBE7552037}.Release|Any CPU.Build.0 = Release|Any CPU
		{B46A4148-F565-45D1-BAB5-16C382A9D58A}.Debug|Any CPU.ActiveCfg = Debug|Any CPU
		{B46A4148-F565-45D1-BAB5-16C382A9D58A}.Debug|Any CPU.Build.0 = Debug|Any CPU
		{B46A4148-F565-45D1-BAB5-16C382A9D58A}.Release|Any CPU.ActiveCfg = Release|Any CPU
		{B46A4148-F565-45D1-BAB5-16C382A9D58A}.Release|Any CPU.Build.0 = Release|Any CPU
		{0B8E572D-4121-47EF-BB0B-6443DDD8BA3C}.Debug|Any CPU.ActiveCfg = Debug|Any CPU
		{0B8E572D-4121-47EF-BB0B-6443DDD8BA3C}.Debug|Any CPU.Build.0 = Debug|Any CPU
		{0B8E572D-4121-47EF-BB0B-6443DDD8BA3C}.Release|Any CPU.ActiveCfg = Release|Any CPU
		{0B8E572D-4121-47EF-BB0B-6443DDD8BA3C}.Release|Any CPU.Build.0 = Release|Any CPU
		{1AD1441F-BF50-4D19-9F0F-FC036624E419}.Debug|Any CPU.ActiveCfg = Debug|Any CPU
		{1AD1441F-BF50-4D19-9F0F-FC036624E419}.Debug|Any CPU.Build.0 = Debug|Any CPU
		{1AD1441F-BF50-4D19-9F0F-FC036624E419}.Release|Any CPU.ActiveCfg = Release|Any CPU
		{1AD1441F-BF50-4D19-9F0F-FC036624E419}.Release|Any CPU.Build.0 = Release|Any CPU
		{284F85EF-6726-42DC-A38D-7B53816E977C}.Debug|Any CPU.ActiveCfg = Debug|Any CPU
		{284F85EF-6726-42DC-A38D-7B53816E977C}.Debug|Any CPU.Build.0 = Debug|Any CPU
		{284F85EF-6726-42DC-A38D-7B53816E977C}.Release|Any CPU.ActiveCfg = Release|Any CPU
		{284F85EF-6726-42DC-A38D-7B53816E977C}.Release|Any CPU.Build.0 = Release|Any CPU
		{4F1B0D91-A683-4F92-B2E8-50E390A62BAA}.Debug|Any CPU.ActiveCfg = Debug|Any CPU
		{4F1B0D91-A683-4F92-B2E8-50E390A62BAA}.Debug|Any CPU.Build.0 = Debug|Any CPU
		{4F1B0D91-A683-4F92-B2E8-50E390A62BAA}.Release|Any CPU.ActiveCfg = Release|Any CPU
		{4F1B0D91-A683-4F92-B2E8-50E390A62BAA}.Release|Any CPU.Build.0 = Release|Any CPU
		{F7ED6A74-96C0-47AD-99D0-395BA69303BF}.Debug|Any CPU.ActiveCfg = Debug|Any CPU
		{F7ED6A74-96C0-47AD-99D0-395BA69303BF}.Debug|Any CPU.Build.0 = Debug|Any CPU
		{F7ED6A74-96C0-47AD-99D0-395BA69303BF}.Release|Any CPU.ActiveCfg = Release|Any CPU
		{F7ED6A74-96C0-47AD-99D0-395BA69303BF}.Release|Any CPU.Build.0 = Release|Any CPU
	EndGlobalSection
	GlobalSection(SolutionProperties) = preSolution
		HideSolutionNode = FALSE
	EndGlobalSection
	GlobalSection(NestedProjects) = preSolution
		{930F2F38-51E2-4B34-8F4A-0FA434563921} = {AA593268-112B-4A15-BD6F-996E9EFBF3FE}
		{8B1D221A-22CD-4973-B952-CF578DC13880} = {AA593268-112B-4A15-BD6F-996E9EFBF3FE}
		{F68317E1-EBBF-4E92-99F7-D5376B26C306} = {AA593268-112B-4A15-BD6F-996E9EFBF3FE}
		{A3C7BAC4-F750-42D3-91D1-33A4400C8991} = {AA593268-112B-4A15-BD6F-996E9EFBF3FE}
		{BA3D915C-DBC4-4C14-B8F3-6A2DE6BB9F69} = {F3CAC367-B142-4ACB-AF48-D600F9C8B312}
		{C2E5E1EE-1FF4-487D-96AB-F5EFF1936D25} = {F3CAC367-B142-4ACB-AF48-D600F9C8B312}
		{82A11422-7210-4475-87C3-6BAB05CB120C} = {F3CAC367-B142-4ACB-AF48-D600F9C8B312}
		{6CAB7E33-0570-470D-B198-41704B4397BA} = {AA593268-112B-4A15-BD6F-996E9EFBF3FE}
		{FA46090E-5433-4908-8B42-17536B1C5847} = {AA593268-112B-4A15-BD6F-996E9EFBF3FE}
		{DC585FBB-EC62-4F64-B245-94704F8F51AA} = {AA593268-112B-4A15-BD6F-996E9EFBF3FE}
		{43D468D2-D325-40D0-9C05-9AE58766D797} = {AA593268-112B-4A15-BD6F-996E9EFBF3FE}
		{434A6405-65BE-4F9B-86D1-BBBBE7552037} = {AA593268-112B-4A15-BD6F-996E9EFBF3FE}
		{B46A4148-F565-45D1-BAB5-16C382A9D58A} = {5812C10F-7A22-4BA4-952F-1A0DB676C3FF}
		{0B8E572D-4121-47EF-BB0B-6443DDD8BA3C} = {5812C10F-7A22-4BA4-952F-1A0DB676C3FF}
		{F3CAC367-B142-4ACB-AF48-D600F9C8B312} = {2129A1F0-08DD-4655-8DA3-F083069C12F9}
		{DE46FD16-22FA-43B8-82D8-BE2705FECCB7} = {2129A1F0-08DD-4655-8DA3-F083069C12F9}
		{284F85EF-6726-42DC-A38D-7B53816E977C} = {DE46FD16-22FA-43B8-82D8-BE2705FECCB7}
		{4F1B0D91-A683-4F92-B2E8-50E390A62BAA} = {DE46FD16-22FA-43B8-82D8-BE2705FECCB7}
		{F7ED6A74-96C0-47AD-99D0-395BA69303BF} = {DE46FD16-22FA-43B8-82D8-BE2705FECCB7}
	EndGlobalSection
	GlobalSection(ExtensibilityGlobals) = postSolution
		SolutionGuid = {99B679C5-767A-48D1-B912-2387854D8FA0}
	EndGlobalSection
EndGlobal
